
Microsoft Visual Studio Solution File, Format Version 12.00
# Visual Studio Version 17
VisualStudioVersion = 17.12.35707.178
MinimumVisualStudioVersion = 10.0.40219.1
Project("{2150E333-8FDC-42A3-9474-1A3956D46DE8}") = "Internal", "Internal", "{A1077FF1-DFDC-4B1B-BA97-6C2D9429E89F}"
EndProject
Project("{2150E333-8FDC-42A3-9474-1A3956D46DE8}") = "Code Analysis", "Code Analysis", "{B334305A-DF70-434E-B3BF-04DCCC672050}"
	ProjectSection(SolutionItems) = preProject
		Internal\Code Analysis\qaction-debug.ruleset = Internal\Code Analysis\qaction-debug.ruleset
		Internal\Code Analysis\qaction-release.ruleset = Internal\Code Analysis\qaction-release.ruleset
		Internal\Code Analysis\stylecop.json = Internal\Code Analysis\stylecop.json
	EndProjectSection
EndProject
Project("{FAE04EC0-301F-11D3-BF4B-00C04F79EFBC}") = "SynergyCreateSprint", "..\SynergyCreateSprint\SynergyCreateSprint.csproj", "{1FD8CBCE-8D05-4442-9A56-797DE3AE5550}"
EndProject
Project("{2150E333-8FDC-42A3-9474-1A3956D46DE8}") = "Create Sprint", "Create Sprint", "{D049085A-89C8-4E2E-98FC-DA5BA93AD1FD}"
EndProject
Project("{2150E333-8FDC-42A3-9474-1A3956D46DE8}") = "Finish Sprint", "Finish Sprint", "{70B12493-2A6D-4696-A36B-F8F409EEC751}"
EndProject
Project("{FAE04EC0-301F-11D3-BF4B-00C04F79EFBC}") = "SynergyFinishSprint", "..\SynergyFinishSprint\SynergyFinishSprint.csproj", "{E8A73AF9-E489-4E59-BCD7-1A413E6772EE}"
EndProject
Global
	GlobalSection(SolutionConfigurationPlatforms) = preSolution
		Debug|Any CPU = Debug|Any CPU
		Release|Any CPU = Release|Any CPU
	EndGlobalSection
	GlobalSection(ProjectConfigurationPlatforms) = postSolution
		{1FD8CBCE-8D05-4442-9A56-797DE3AE5550}.Debug|Any CPU.ActiveCfg = Debug|Any CPU
		{1FD8CBCE-8D05-4442-9A56-797DE3AE5550}.Debug|Any CPU.Build.0 = Debug|Any CPU
		{1FD8CBCE-8D05-4442-9A56-797DE3AE5550}.Release|Any CPU.ActiveCfg = Release|Any CPU
		{1FD8CBCE-8D05-4442-9A56-797DE3AE5550}.Release|Any CPU.Build.0 = Release|Any CPU
		{E8A73AF9-E489-4E59-BCD7-1A413E6772EE}.Debug|Any CPU.ActiveCfg = Debug|Any CPU
		{E8A73AF9-E489-4E59-BCD7-1A413E6772EE}.Debug|Any CPU.Build.0 = Debug|Any CPU
		{E8A73AF9-E489-4E59-BCD7-1A413E6772EE}.Release|Any CPU.ActiveCfg = Release|Any CPU
		{E8A73AF9-E489-4E59-BCD7-1A413E6772EE}.Release|Any CPU.Build.0 = Release|Any CPU
	EndGlobalSection
	GlobalSection(SolutionProperties) = preSolution
		HideSolutionNode = FALSE
	EndGlobalSection
	GlobalSection(NestedProjects) = preSolution
		{B334305A-DF70-434E-B3BF-04DCCC672050} = {A1077FF1-DFDC-4B1B-BA97-6C2D9429E89F}
		{1FD8CBCE-8D05-4442-9A56-797DE3AE5550} = {D049085A-89C8-4E2E-98FC-DA5BA93AD1FD}
		{E8A73AF9-E489-4E59-BCD7-1A413E6772EE} = {70B12493-2A6D-4696-A36B-F8F409EEC751}
	EndGlobalSection
EndGlobal
